
Microsoft Visual Studio Solution File, Format Version 12.00
# Visual Studio Version 17
VisualStudioVersion = 17.9.34728.123
MinimumVisualStudioVersion = 10.0.40219.1
Project("{FAE04EC0-301F-11D3-BF4B-00C04F79EFBC}") = "Todo3716370", "Todo3716370.csproj", "{D1F66F74-B313-4235-98CF-6A4550995DD9}"
EndProject
Global
	GlobalSection(SolutionConfigurationPlatforms) = preSolution
		Debug|Any CPU = Debug|Any CPU
		Release|Any CPU = Release|Any CPU
	EndGlobalSection
	GlobalSection(ProjectConfigurationPlatforms) = postSolution
		{D1F66F74-B313-4235-98CF-6A4550995DD9}.Debug|Any CPU.ActiveCfg = Debug|Any CPU
		{D1F66F74-B313-4235-98CF-6A4550995DD9}.Debug|Any CPU.Build.0 = Debug|Any CPU
		{D1F66F74-B313-4235-98CF-6A4550995DD9}.Debug|Any CPU.Deploy.0 = Debug|Any CPU
		{D1F66F74-B313-4235-98CF-6A4550995DD9}.Release|Any CPU.ActiveCfg = Release|Any CPU
		{D1F66F74-B313-4235-98CF-6A4550995DD9}.Release|Any CPU.Build.0 = Release|Any CPU
		{D1F66F74-B313-4235-98CF-6A4550995DD9}.Release|Any CPU.Deploy.0 = Release|Any CPU
	EndGlobalSection
	GlobalSection(SolutionProperties) = preSolution
		HideSolutionNode = FALSE
	EndGlobalSection
	GlobalSection(ExtensibilityGlobals) = postSolution
		SolutionGuid = {BE37C19B-BE19-4DE9-A74F-3DF9DCB769A7}
	EndGlobalSection
EndGlobal
